
Microsoft Visual Studio Solution File, Format Version 12.00
# Visual Studio 15
VisualStudioVersion = 15.0.26730.12
MinimumVisualStudioVersion = 10.0.40219.1
Project("{D954291E-2A0B-460D-934E-DC6B0785DB48}") = "ColorLinesNG2", "ColorLinesNG2\ColorLinesNG2\ColorLinesNG2.shproj", "{ED40D77C-A7A3-4BAC-B3F9-34355607F7E0}"
EndProject
Project("{FAE04EC0-301F-11D3-BF4B-00C04F79EFBC}") = "ColorLinesNG2.Android", "ColorLinesNG2\ColorLinesNG2.Android\ColorLinesNG2.Android.csproj", "{37C396F9-D355-4A57-A411-31EFA9E94DD8}"
EndProject
Project("{FAE04EC0-301F-11D3-BF4B-00C04F79EFBC}") = "ColorLinesNG2.iOS", "ColorLinesNG2\ColorLinesNG2.iOS\ColorLinesNG2.iOS.csproj", "{0233A3B3-357C-478B-9184-AE5A3A563A70}"
EndProject
Project("{FAE04EC0-301F-11D3-BF4B-00C04F79EFBC}") = "ColorLinesNG2.UWP", "ColorLinesNG2\ColorLinesNG2.UWP\ColorLinesNG2.UWP.csproj", "{6C8C6C94-7E7F-482B-97CE-A7E90E21ADD0}"
EndProject
Global
	GlobalSection(SharedMSBuildProjectFiles) = preSolution
		ColorLinesNG2\ColorLinesNG2\ColorLinesNG2.projitems*{0233a3b3-357c-478b-9184-ae5a3a563a70}*SharedItemsImports = 4
		ColorLinesNG2\ColorLinesNG2\ColorLinesNG2.projitems*{37c396f9-d355-4a57-a411-31efa9e94dd8}*SharedItemsImports = 4
		ColorLinesNG2\ColorLinesNG2\ColorLinesNG2.projitems*{6c8c6c94-7e7f-482b-97ce-a7e90e21add0}*SharedItemsImports = 4
		ColorLinesNG2\ColorLinesNG2\ColorLinesNG2.projitems*{ed40d77c-a7a3-4bac-b3f9-34355607f7e0}*SharedItemsImports = 13
	EndGlobalSection
	GlobalSection(SolutionConfigurationPlatforms) = preSolution
		Ad-Hoc|Any CPU = Ad-Hoc|Any CPU
		Ad-Hoc|ARM = Ad-Hoc|ARM
		Ad-Hoc|iPhone = Ad-Hoc|iPhone
		Ad-Hoc|iPhoneSimulator = Ad-Hoc|iPhoneSimulator
		Ad-Hoc|x64 = Ad-Hoc|x64
		Ad-Hoc|x86 = Ad-Hoc|x86
		AppStore|Any CPU = AppStore|Any CPU
		AppStore|ARM = AppStore|ARM
		AppStore|iPhone = AppStore|iPhone
		AppStore|iPhoneSimulator = AppStore|iPhoneSimulator
		AppStore|x64 = AppStore|x64
		AppStore|x86 = AppStore|x86
		Debug|Any CPU = Debug|Any CPU
		Debug|ARM = Debug|ARM
		Debug|iPhone = Debug|iPhone
		Debug|iPhoneSimulator = Debug|iPhoneSimulator
		Debug|x64 = Debug|x64
		Debug|x86 = Debug|x86
		Release|Any CPU = Release|Any CPU
		Release|ARM = Release|ARM
		Release|iPhone = Release|iPhone
		Release|iPhoneSimulator = Release|iPhoneSimulator
		Release|x64 = Release|x64
		Release|x86 = Release|x86
	EndGlobalSection
	GlobalSection(ProjectConfigurationPlatforms) = postSolution
		{37C396F9-D355-4A57-A411-31EFA9E94DD8}.Ad-Hoc|Any CPU.ActiveCfg = Release|Any CPU
		{37C396F9-D355-4A57-A411-31EFA9E94DD8}.Ad-Hoc|Any CPU.Build.0 = Release|Any CPU
		{37C396F9-D355-4A57-A411-31EFA9E94DD8}.Ad-Hoc|Any CPU.Deploy.0 = Release|Any CPU
		{37C396F9-D355-4A57-A411-31EFA9E94DD8}.Ad-Hoc|ARM.ActiveCfg = Release|Any CPU
		{37C396F9-D355-4A57-A411-31EFA9E94DD8}.Ad-Hoc|ARM.Build.0 = Release|Any CPU
		{37C396F9-D355-4A57-A411-31EFA9E94DD8}.Ad-Hoc|ARM.Deploy.0 = Release|Any CPU
		{37C396F9-D355-4A57-A411-31EFA9E94DD8}.Ad-Hoc|iPhone.ActiveCfg = Release|Any CPU
		{37C396F9-D355-4A57-A411-31EFA9E94DD8}.Ad-Hoc|iPhone.Build.0 = Release|Any CPU
		{37C396F9-D355-4A57-A411-31EFA9E94DD8}.Ad-Hoc|iPhone.Deploy.0 = Release|Any CPU
		{37C396F9-D355-4A57-A411-31EFA9E94DD8}.Ad-Hoc|iPhoneSimulator.ActiveCfg = Release|Any CPU
		{37C396F9-D355-4A57-A411-31EFA9E94DD8}.Ad-Hoc|iPhoneSimulator.Build.0 = Release|Any CPU
		{37C396F9-D355-4A57-A411-31EFA9E94DD8}.Ad-Hoc|iPhoneSimulator.Deploy.0 = Release|Any CPU
		{37C396F9-D355-4A57-A411-31EFA9E94DD8}.Ad-Hoc|x64.ActiveCfg = Release|Any CPU
		{37C396F9-D355-4A57-A411-31EFA9E94DD8}.Ad-Hoc|x64.Build.0 = Release|Any CPU
		{37C396F9-D355-4A57-A411-31EFA9E94DD8}.Ad-Hoc|x64.Deploy.0 = Release|Any CPU
		{37C396F9-D355-4A57-A411-31EFA9E94DD8}.Ad-Hoc|x86.ActiveCfg = Release|Any CPU
		{37C396F9-D355-4A57-A411-31EFA9E94DD8}.Ad-Hoc|x86.Build.0 = Release|Any CPU
		{37C396F9-D355-4A57-A411-31EFA9E94DD8}.Ad-Hoc|x86.Deploy.0 = Release|Any CPU
		{37C396F9-D355-4A57-A411-31EFA9E94DD8}.AppStore|Any CPU.ActiveCfg = Release|Any CPU
		{37C396F9-D355-4A57-A411-31EFA9E94DD8}.AppStore|Any CPU.Build.0 = Release|Any CPU
		{37C396F9-D355-4A57-A411-31EFA9E94DD8}.AppStore|Any CPU.Deploy.0 = Release|Any CPU
		{37C396F9-D355-4A57-A411-31EFA9E94DD8}.AppStore|ARM.ActiveCfg = Release|Any CPU
		{37C396F9-D355-4A57-A411-31EFA9E94DD8}.AppStore|ARM.Build.0 = Release|Any CPU
		{37C396F9-D355-4A57-A411-31EFA9E94DD8}.AppStore|ARM.Deploy.0 = Release|Any CPU
		{37C396F9-D355-4A57-A411-31EFA9E94DD8}.AppStore|iPhone.ActiveCfg = Release|Any CPU
		{37C396F9-D355-4A57-A411-31EFA9E94DD8}.AppStore|iPhone.Build.0 = Release|Any CPU
		{37C396F9-D355-4A57-A411-31EFA9E94DD8}.AppStore|iPhone.Deploy.0 = Release|Any CPU
		{37C396F9-D355-4A57-A411-31EFA9E94DD8}.AppStore|iPhoneSimulator.ActiveCfg = Release|Any CPU
		{37C396F9-D355-4A57-A411-31EFA9E94DD8}.AppStore|iPhoneSimulator.Build.0 = Release|Any CPU
		{37C396F9-D355-4A57-A411-31EFA9E94DD8}.AppStore|iPhoneSimulator.Deploy.0 = Release|Any CPU
		{37C396F9-D355-4A57-A411-31EFA9E94DD8}.AppStore|x64.ActiveCfg = Release|Any CPU
		{37C396F9-D355-4A57-A411-31EFA9E94DD8}.AppStore|x64.Build.0 = Release|Any CPU
		{37C396F9-D355-4A57-A411-31EFA9E94DD8}.AppStore|x64.Deploy.0 = Release|Any CPU
		{37C396F9-D355-4A57-A411-31EFA9E94DD8}.AppStore|x86.ActiveCfg = Release|Any CPU
		{37C396F9-D355-4A57-A411-31EFA9E94DD8}.AppStore|x86.Build.0 = Release|Any CPU
		{37C396F9-D355-4A57-A411-31EFA9E94DD8}.AppStore|x86.Deploy.0 = Release|Any CPU
		{37C396F9-D355-4A57-A411-31EFA9E94DD8}.Debug|Any CPU.ActiveCfg = Debug|Any CPU
		{37C396F9-D355-4A57-A411-31EFA9E94DD8}.Debug|Any CPU.Build.0 = Debug|Any CPU
		{37C396F9-D355-4A57-A411-31EFA9E94DD8}.Debug|Any CPU.Deploy.0 = Debug|Any CPU
		{37C396F9-D355-4A57-A411-31EFA9E94DD8}.Debug|ARM.ActiveCfg = Debug|Any CPU
		{37C396F9-D355-4A57-A411-31EFA9E94DD8}.Debug|ARM.Build.0 = Debug|Any CPU
		{37C396F9-D355-4A57-A411-31EFA9E94DD8}.Debug|ARM.Deploy.0 = Debug|Any CPU
		{37C396F9-D355-4A57-A411-31EFA9E94DD8}.Debug|iPhone.ActiveCfg = Debug|Any CPU
		{37C396F9-D355-4A57-A411-31EFA9E94DD8}.Debug|iPhone.Build.0 = Debug|Any CPU
		{37C396F9-D355-4A57-A411-31EFA9E94DD8}.Debug|iPhone.Deploy.0 = Debug|Any CPU
		{37C396F9-D355-4A57-A411-31EFA9E94DD8}.Debug|iPhoneSimulator.ActiveCfg = Debug|Any CPU
		{37C396F9-D355-4A57-A411-31EFA9E94DD8}.Debug|iPhoneSimulator.Build.0 = Debug|Any CPU
		{37C396F9-D355-4A57-A411-31EFA9E94DD8}.Debug|iPhoneSimulator.Deploy.0 = Debug|Any CPU
		{37C396F9-D355-4A57-A411-31EFA9E94DD8}.Debug|x64.ActiveCfg = Debug|Any CPU
		{37C396F9-D355-4A57-A411-31EFA9E94DD8}.Debug|x64.Build.0 = Debug|Any CPU
		{37C396F9-D355-4A57-A411-31EFA9E94DD8}.Debug|x64.Deploy.0 = Debug|Any CPU
		{37C396F9-D355-4A57-A411-31EFA9E94DD8}.Debug|x86.ActiveCfg = Debug|Any CPU
		{37C396F9-D355-4A57-A411-31EFA9E94DD8}.Debug|x86.Build.0 = Debug|Any CPU
		{37C396F9-D355-4A57-A411-31EFA9E94DD8}.Debug|x86.Deploy.0 = Debug|Any CPU
		{37C396F9-D355-4A57-A411-31EFA9E94DD8}.Release|Any CPU.ActiveCfg = Release|Any CPU
		{37C396F9-D355-4A57-A411-31EFA9E94DD8}.Release|Any CPU.Build.0 = Release|Any CPU
		{37C396F9-D355-4A57-A411-31EFA9E94DD8}.Release|Any CPU.Deploy.0 = Release|Any CPU
		{37C396F9-D355-4A57-A411-31EFA9E94DD8}.Release|ARM.ActiveCfg = Release|Any CPU
		{37C396F9-D355-4A57-A411-31EFA9E94DD8}.Release|ARM.Build.0 = Release|Any CPU
		{37C396F9-D355-4A57-A411-31EFA9E94DD8}.Release|ARM.Deploy.0 = Release|Any CPU
		{37C396F9-D355-4A57-A411-31EFA9E94DD8}.Release|iPhone.ActiveCfg = Release|Any CPU
		{37C396F9-D355-4A57-A411-31EFA9E94DD8}.Release|iPhone.Build.0 = Release|Any CPU
		{37C396F9-D355-4A57-A411-31EFA9E94DD8}.Release|iPhone.Deploy.0 = Release|Any CPU
		{37C396F9-D355-4A57-A411-31EFA9E94DD8}.Release|iPhoneSimulator.ActiveCfg = Release|Any CPU
		{37C396F9-D355-4A57-A411-31EFA9E94DD8}.Release|iPhoneSimulator.Build.0 = Release|Any CPU
		{37C396F9-D355-4A57-A411-31EFA9E94DD8}.Release|iPhoneSimulator.Deploy.0 = Release|Any CPU
		{37C396F9-D355-4A57-A411-31EFA9E94DD8}.Release|x64.ActiveCfg = Release|Any CPU
		{37C396F9-D355-4A57-A411-31EFA9E94DD8}.Release|x64.Build.0 = Release|Any CPU
		{37C396F9-D355-4A57-A411-31EFA9E94DD8}.Release|x64.Deploy.0 = Release|Any CPU
		{37C396F9-D355-4A57-A411-31EFA9E94DD8}.Release|x86.ActiveCfg = Release|Any CPU
		{37C396F9-D355-4A57-A411-31EFA9E94DD8}.Release|x86.Build.0 = Release|Any CPU
		{37C396F9-D355-4A57-A411-31EFA9E94DD8}.Release|x86.Deploy.0 = Release|Any CPU
		{0233A3B3-357C-478B-9184-AE5A3A563A70}.Ad-Hoc|Any CPU.ActiveCfg = Ad-Hoc|iPhone
		{0233A3B3-357C-478B-9184-AE5A3A563A70}.Ad-Hoc|ARM.ActiveCfg = Ad-Hoc|iPhone
		{0233A3B3-357C-478B-9184-AE5A3A563A70}.Ad-Hoc|iPhone.ActiveCfg = Ad-Hoc|iPhone
		{0233A3B3-357C-478B-9184-AE5A3A563A70}.Ad-Hoc|iPhone.Build.0 = Ad-Hoc|iPhone
		{0233A3B3-357C-478B-9184-AE5A3A563A70}.Ad-Hoc|iPhoneSimulator.ActiveCfg = Ad-Hoc|iPhoneSimulator
		{0233A3B3-357C-478B-9184-AE5A3A563A70}.Ad-Hoc|iPhoneSimulator.Build.0 = Ad-Hoc|iPhoneSimulator
		{0233A3B3-357C-478B-9184-AE5A3A563A70}.Ad-Hoc|x64.ActiveCfg = Ad-Hoc|iPhone
		{0233A3B3-357C-478B-9184-AE5A3A563A70}.Ad-Hoc|x86.ActiveCfg = Ad-Hoc|iPhone
		{0233A3B3-357C-478B-9184-AE5A3A563A70}.AppStore|Any CPU.ActiveCfg = AppStore|iPhone
		{0233A3B3-357C-478B-9184-AE5A3A563A70}.AppStore|ARM.ActiveCfg = AppStore|iPhone
		{0233A3B3-357C-478B-9184-AE5A3A563A70}.AppStore|iPhone.ActiveCfg = AppStore|iPhone
		{0233A3B3-357C-478B-9184-AE5A3A563A70}.AppStore|iPhone.Build.0 = AppStore|iPhone
		{0233A3B3-357C-478B-9184-AE5A3A563A70}.AppStore|iPhoneSimulator.ActiveCfg = AppStore|iPhoneSimulator
		{0233A3B3-357C-478B-9184-AE5A3A563A70}.AppStore|iPhoneSimulator.Build.0 = AppStore|iPhoneSimulator
		{0233A3B3-357C-478B-9184-AE5A3A563A70}.AppStore|x64.ActiveCfg = AppStore|iPhone
		{0233A3B3-357C-478B-9184-AE5A3A563A70}.AppStore|x86.ActiveCfg = AppStore|iPhone
		{0233A3B3-357C-478B-9184-AE5A3A563A70}.Debug|Any CPU.ActiveCfg = Debug|iPhone
		{0233A3B3-357C-478B-9184-AE5A3A563A70}.Debug|ARM.ActiveCfg = Debug|iPhone
		{0233A3B3-357C-478B-9184-AE5A3A563A70}.Debug|iPhone.ActiveCfg = Debug|iPhone
		{0233A3B3-357C-478B-9184-AE5A3A563A70}.Debug|iPhone.Build.0 = Debug|iPhone
		{0233A3B3-357C-478B-9184-AE5A3A563A70}.Debug|iPhoneSimulator.ActiveCfg = Debug|iPhoneSimulator
		{0233A3B3-357C-478B-9184-AE5A3A563A70}.Debug|iPhoneSimulator.Build.0 = Debug|iPhoneSimulator
		{0233A3B3-357C-478B-9184-AE5A3A563A70}.Debug|x64.ActiveCfg = Debug|iPhone
		{0233A3B3-357C-478B-9184-AE5A3A563A70}.Debug|x86.ActiveCfg = Debug|iPhone
		{0233A3B3-357C-478B-9184-AE5A3A563A70}.Release|Any CPU.ActiveCfg = Release|iPhone
		{0233A3B3-357C-478B-9184-AE5A3A563A70}.Release|ARM.ActiveCfg = Release|iPhone
		{0233A3B3-357C-478B-9184-AE5A3A563A70}.Release|iPhone.ActiveCfg = Release|iPhone
		{0233A3B3-357C-478B-9184-AE5A3A563A70}.Release|iPhone.Build.0 = Release|iPhone
		{0233A3B3-357C-478B-9184-AE5A3A563A70}.Release|iPhoneSimulator.ActiveCfg = Release|iPhoneSimulator
		{0233A3B3-357C-478B-9184-AE5A3A563A70}.Release|iPhoneSimulator.Build.0 = Release|iPhoneSimulator
		{0233A3B3-357C-478B-9184-AE5A3A563A70}.Release|x64.ActiveCfg = Release|iPhone
		{0233A3B3-357C-478B-9184-AE5A3A563A70}.Release|x86.ActiveCfg = Release|iPhone
		{6C8C6C94-7E7F-482B-97CE-A7E90E21ADD0}.Ad-Hoc|Any CPU.ActiveCfg = Release|x86
		{6C8C6C94-7E7F-482B-97CE-A7E90E21ADD0}.Ad-Hoc|Any CPU.Build.0 = Release|x86
		{6C8C6C94-7E7F-482B-97CE-A7E90E21ADD0}.Ad-Hoc|Any CPU.Deploy.0 = Release|x86
		{6C8C6C94-7E7F-482B-97CE-A7E90E21ADD0}.Ad-Hoc|ARM.ActiveCfg = Release|ARM
		{6C8C6C94-7E7F-482B-97CE-A7E90E21ADD0}.Ad-Hoc|ARM.Build.0 = Release|ARM
		{6C8C6C94-7E7F-482B-97CE-A7E90E21ADD0}.Ad-Hoc|ARM.Deploy.0 = Release|ARM
		{6C8C6C94-7E7F-482B-97CE-A7E90E21ADD0}.Ad-Hoc|iPhone.ActiveCfg = Release|x86
		{6C8C6C94-7E7F-482B-97CE-A7E90E21ADD0}.Ad-Hoc|iPhone.Build.0 = Release|x86
		{6C8C6C94-7E7F-482B-97CE-A7E90E21ADD0}.Ad-Hoc|iPhone.Deploy.0 = Release|x86
		{6C8C6C94-7E7F-482B-97CE-A7E90E21ADD0}.Ad-Hoc|iPhoneSimulator.ActiveCfg = Release|x86
		{6C8C6C94-7E7F-482B-97CE-A7E90E21ADD0}.Ad-Hoc|iPhoneSimulator.Build.0 = Release|x86
		{6C8C6C94-7E7F-482B-97CE-A7E90E21ADD0}.Ad-Hoc|iPhoneSimulator.Deploy.0 = Release|x86
		{6C8C6C94-7E7F-482B-97CE-A7E90E21ADD0}.Ad-Hoc|x64.ActiveCfg = Release|x64
		{6C8C6C94-7E7F-482B-97CE-A7E90E21ADD0}.Ad-Hoc|x64.Build.0 = Release|x64
		{6C8C6C94-7E7F-482B-97CE-A7E90E21ADD0}.Ad-Hoc|x64.Deploy.0 = Release|x64
		{6C8C6C94-7E7F-482B-97CE-A7E90E21ADD0}.Ad-Hoc|x86.ActiveCfg = Release|x86
		{6C8C6C94-7E7F-482B-97CE-A7E90E21ADD0}.Ad-Hoc|x86.Build.0 = Release|x86
		{6C8C6C94-7E7F-482B-97CE-A7E90E21ADD0}.Ad-Hoc|x86.Deploy.0 = Release|x86
		{6C8C6C94-7E7F-482B-97CE-A7E90E21ADD0}.AppStore|Any CPU.ActiveCfg = Release|x86
		{6C8C6C94-7E7F-482B-97CE-A7E90E21ADD0}.AppStore|Any CPU.Build.0 = Release|x86
		{6C8C6C94-7E7F-482B-97CE-A7E90E21ADD0}.AppStore|Any CPU.Deploy.0 = Release|x86
		{6C8C6C94-7E7F-482B-97CE-A7E90E21ADD0}.AppStore|ARM.ActiveCfg = Release|ARM
		{6C8C6C94-7E7F-482B-97CE-A7E90E21ADD0}.AppStore|ARM.Build.0 = Release|ARM
		{6C8C6C94-7E7F-482B-97CE-A7E90E21ADD0}.AppStore|ARM.Deploy.0 = Release|ARM
		{6C8C6C94-7E7F-482B-97CE-A7E90E21ADD0}.AppStore|iPhone.ActiveCfg = Release|x86
		{6C8C6C94-7E7F-482B-97CE-A7E90E21ADD0}.AppStore|iPhone.Build.0 = Release|x86
		{6C8C6C94-7E7F-482B-97CE-A7E90E21ADD0}.AppStore|iPhone.Deploy.0 = Release|x86
		{6C8C6C94-7E7F-482B-97CE-A7E90E21ADD0}.AppStore|iPhoneSimulator.ActiveCfg = Release|x86
		{6C8C6C94-7E7F-482B-97CE-A7E90E21ADD0}.AppStore|iPhoneSimulator.Build.0 = Release|x86
		{6C8C6C94-7E7F-482B-97CE-A7E90E21ADD0}.AppStore|iPhoneSimulator.Deploy.0 = Release|x86
		{6C8C6C94-7E7F-482B-97CE-A7E90E21ADD0}.AppStore|x64.ActiveCfg = Release|x64
		{6C8C6C94-7E7F-482B-97CE-A7E90E21ADD0}.AppStore|x64.Build.0 = Release|x64
		{6C8C6C94-7E7F-482B-97CE-A7E90E21ADD0}.AppStore|x64.Deploy.0 = Release|x64
		{6C8C6C94-7E7F-482B-97CE-A7E90E21ADD0}.AppStore|x86.ActiveCfg = Release|x86
		{6C8C6C94-7E7F-482B-97CE-A7E90E21ADD0}.AppStore|x86.Build.0 = Release|x86
		{6C8C6C94-7E7F-482B-97CE-A7E90E21ADD0}.AppStore|x86.Deploy.0 = Release|x86
		{6C8C6C94-7E7F-482B-97CE-A7E90E21ADD0}.Debug|Any CPU.ActiveCfg = Debug|x86
		{6C8C6C94-7E7F-482B-97CE-A7E90E21ADD0}.Debug|ARM.ActiveCfg = Debug|ARM
		{6C8C6C94-7E7F-482B-97CE-A7E90E21ADD0}.Debug|ARM.Build.0 = Debug|ARM
		{6C8C6C94-7E7F-482B-97CE-A7E90E21ADD0}.Debug|ARM.Deploy.0 = Debug|ARM
		{6C8C6C94-7E7F-482B-97CE-A7E90E21ADD0}.Debug|iPhone.ActiveCfg = Debug|x86
		{6C8C6C94-7E7F-482B-97CE-A7E90E21ADD0}.Debug|iPhoneSimulator.ActiveCfg = Debug|x86
		{6C8C6C94-7E7F-482B-97CE-A7E90E21ADD0}.Debug|x64.ActiveCfg = Debug|x64
		{6C8C6C94-7E7F-482B-97CE-A7E90E21ADD0}.Debug|x64.Build.0 = Debug|x64
		{6C8C6C94-7E7F-482B-97CE-A7E90E21ADD0}.Debug|x64.Deploy.0 = Debug|x64
		{6C8C6C94-7E7F-482B-97CE-A7E90E21ADD0}.Debug|x86.ActiveCfg = Debug|x86
		{6C8C6C94-7E7F-482B-97CE-A7E90E21ADD0}.Debug|x86.Build.0 = Debug|x86
		{6C8C6C94-7E7F-482B-97CE-A7E90E21ADD0}.Debug|x86.Deploy.0 = Debug|x86
		{6C8C6C94-7E7F-482B-97CE-A7E90E21ADD0}.Release|Any CPU.ActiveCfg = Release|x86
		{6C8C6C94-7E7F-482B-97CE-A7E90E21ADD0}.Release|ARM.ActiveCfg = Release|ARM
		{6C8C6C94-7E7F-482B-97CE-A7E90E21ADD0}.Release|ARM.Build.0 = Release|ARM
		{6C8C6C94-7E7F-482B-97CE-A7E90E21ADD0}.Release|ARM.Deploy.0 = Release|ARM
		{6C8C6C94-7E7F-482B-97CE-A7E90E21ADD0}.Release|iPhone.ActiveCfg = Release|x86
		{6C8C6C94-7E7F-482B-97CE-A7E90E21ADD0}.Release|iPhoneSimulator.ActiveCfg = Release|x86
		{6C8C6C94-7E7F-482B-97CE-A7E90E21ADD0}.Release|x64.ActiveCfg = Release|x64
		{6C8C6C94-7E7F-482B-97CE-A7E90E21ADD0}.Release|x64.Build.0 = Release|x64
		{6C8C6C94-7E7F-482B-97CE-A7E90E21ADD0}.Release|x64.Deploy.0 = Release|x64
		{6C8C6C94-7E7F-482B-97CE-A7E90E21ADD0}.Release|x86.ActiveCfg = Release|x86
		{6C8C6C94-7E7F-482B-97CE-A7E90E21ADD0}.Release|x86.Build.0 = Release|x86
		{6C8C6C94-7E7F-482B-97CE-A7E90E21ADD0}.Release|x86.Deploy.0 = Release|x86
	EndGlobalSection
	GlobalSection(SolutionProperties) = preSolution
		HideSolutionNode = FALSE
	EndGlobalSection
	GlobalSection(ExtensibilityGlobals) = postSolution
		SolutionGuid = {1906CBEF-3EED-46E4-B079-3D7D9BB4D2A4}
	EndGlobalSection
EndGlobal
